
Microsoft Visual Studio Solution File, Format Version 12.00
# Visual Studio Version 16
VisualStudioVersion = 16.0.33927.289
MinimumVisualStudioVersion = 10.0.40219.1
Project("{8BC9CEB8-8B4A-11D0-8D11-00A0C91BC942}") = "cracking_the_coding_interview", "cracking_the_coding_interview\cracking_the_coding_interview.vcxproj", "{0E295E64-5562-458A-8E9A-B3997CE40FDF}"
EndProject
Global
	GlobalSection(SolutionConfigurationPlatforms) = preSolution
		Debug|x64 = Debug|x64
		Debug|x86 = Debug|x86
		Release|x64 = Release|x64
		Release|x86 = Release|x86
	EndGlobalSection
	GlobalSection(ProjectConfigurationPlatforms) = postSolution
		{0E295E64-5562-458A-8E9A-B3997CE40FDF}.Debug|x64.ActiveCfg = Debug|x64
		{0E295E64-5562-458A-8E9A-B3997CE40FDF}.Debug|x64.Build.0 = Debug|x64
		{0E295E64-5562-458A-8E9A-B3997CE40FDF}.Debug|x86.ActiveCfg = Debug|Win32
		{0E295E64-5562-458A-8E9A-B3997CE40FDF}.Debug|x86.Build.0 = Debug|Win32
		{0E295E64-5562-458A-8E9A-B3997CE40FDF}.Release|x64.ActiveCfg = Release|x64
		{0E295E64-5562-458A-8E9A-B3997CE40FDF}.Release|x64.Build.0 = Release|x64
		{0E295E64-5562-458A-8E9A-B3997CE40FDF}.Release|x86.ActiveCfg = Release|Win32
		{0E295E64-5562-458A-8E9A-B3997CE40FDF}.Release|x86.Build.0 = Release|Win32
	EndGlobalSection
	GlobalSection(SolutionProperties) = preSolution
		HideSolutionNode = FALSE
	EndGlobalSection
	GlobalSection(ExtensibilityGlobals) = postSolution
		SolutionGuid = {FAE6C972-A0E6-4021-A872-64A053E5F48E}
	EndGlobalSection
EndGlobal
